// !$*UTF8*$!
{
	archiveVersion = 1;
	classes = {
	};
	objectVersion = 48;
	objects = {

/* Begin PBXBuildFile section */
		353F18592098715C003C9380 /* AppDelegate.swift in Sources */ = {isa = PBXBuildFile; fileRef = 353F18582098715C003C9380 /* AppDelegate.swift */; };
		353F185E2098715C003C9380 /* Main.storyboard in Resources */ = {isa = PBXBuildFile; fileRef = 353F185C2098715C003C9380 /* Main.storyboard */; };
		353F18612098715C003C9380 /* WatchItVIPER.xcdatamodeld in Sources */ = {isa = PBXBuildFile; fileRef = 353F185F2098715C003C9380 /* WatchItVIPER.xcdatamodeld */; };
		353F18632098715C003C9380 /* Assets.xcassets in Resources */ = {isa = PBXBuildFile; fileRef = 353F18622098715C003C9380 /* Assets.xcassets */; };
		353F18662098715C003C9380 /* LaunchScreen.storyboard in Resources */ = {isa = PBXBuildFile; fileRef = 353F18642098715C003C9380 /* LaunchScreen.storyboard */; };
		354295E0209F70B9006A71D4 /* WireFrame in Resources */ = {isa = PBXBuildFile; fileRef = 354295DF209F70B9006A71D4 /* WireFrame */; };
		359AFDEB2098B67500D0A05E /* RealmService.swift in Sources */ = {isa = PBXBuildFile; fileRef = 359AFDEA2098B67500D0A05E /* RealmService.swift */; };
		359AFDED2098B68900D0A05E /* Movie.swift in Sources */ = {isa = PBXBuildFile; fileRef = 359AFDEC2098B68900D0A05E /* Movie.swift */; };
		359AFDEF2098C72100D0A05E /* ReopsitoryProtocol.swift in Sources */ = {isa = PBXBuildFile; fileRef = 359AFDEE2098C72100D0A05E /* ReopsitoryProtocol.swift */; };
		359AFDF12098C7A300D0A05E /* RepositoryImp.swift in Sources */ = {isa = PBXBuildFile; fileRef = 359AFDF02098C7A300D0A05E /* RepositoryImp.swift */; };
		359AFDF72098C9FF00D0A05E /* DataManager in Resources */ = {isa = PBXBuildFile; fileRef = 359AFDF62098C9FF00D0A05E /* DataManager */; };
		359AFDFA2098CB3500D0A05E /* MovieListProtocols.swift in Sources */ = {isa = PBXBuildFile; fileRef = 359AFDF92098CB3500D0A05E /* MovieListProtocols.swift */; };
		35C3B05D209F7165001E1704 /* Presenter in Resources */ = {isa = PBXBuildFile; fileRef = 35C3B05C209F7165001E1704 /* Presenter */; };
		35C3B05F209F7171001E1704 /* Interactor in Resources */ = {isa = PBXBuildFile; fileRef = 35C3B05E209F7170001E1704 /* Interactor */; };
		35C3B061209F7178001E1704 /* View in Resources */ = {isa = PBXBuildFile; fileRef = 35C3B060209F7178001E1704 /* View */; };
		35C3B06320A1ED02001E1704 /* Entities in Resources */ = {isa = PBXBuildFile; fileRef = 35C3B06220A1ED02001E1704 /* Entities */; };
		35C3B06520A1ED02001E1704 /* Presenter in Resources */ = {isa = PBXBuildFile; fileRef = 35C3B06420A1ED02001E1704 /* Presenter */; };
		35C3B06720A1ED02001E1704 /* Protocols in Resources */ = {isa = PBXBuildFile; fileRef = 35C3B06620A1ED02001E1704 /* Protocols */; };
		35C3B06920A1ED02001E1704 /* View in Resources */ = {isa = PBXBuildFile; fileRef = 35C3B06820A1ED02001E1704 /* View */; };
		35C3B06B20A1ED02001E1704 /* WireFrame in Resources */ = {isa = PBXBuildFile; fileRef = 35C3B06A20A1ED02001E1704 /* WireFrame */; };
		E1D7BD091568BDE4E126D490 /* Pods_WatchItVIPER.framework in Frameworks */ = {isa = PBXBuildFile; fileRef = 9812D63ECC71B47E9260CA36 /* Pods_WatchItVIPER.framework */; };
/* End PBXBuildFile section */

/* Begin PBXFileReference section */
		144E5814F2CDDE812AD25F7A /* Pods-WatchItVIPER.debug.xcconfig */ = {isa = PBXFileReference; includeInIndex = 1; lastKnownFileType = text.xcconfig; name = "Pods-WatchItVIPER.debug.xcconfig"; path = "Pods/Target Support Files/Pods-WatchItVIPER/Pods-WatchItVIPER.debug.xcconfig"; sourceTree = "<group>"; };
		353F18552098715C003C9380 /* WatchItVIPER.app */ = {isa = PBXFileReference; explicitFileType = wrapper.application; includeInIndex = 0; path = WatchItVIPER.app; sourceTree = BUILT_PRODUCTS_DIR; };
		353F18582098715C003C9380 /* AppDelegate.swift */ = {isa = PBXFileReference; lastKnownFileType = sourcecode.swift; path = AppDelegate.swift; sourceTree = "<group>"; };
		353F185D2098715C003C9380 /* Base */ = {isa = PBXFileReference; lastKnownFileType = file.storyboard; name = Base; path = Base.lproj/Main.storyboard; sourceTree = "<group>"; };
		353F18602098715C003C9380 /* WatchItVIPER.xcdatamodel */ = {isa = PBXFileReference; lastKnownFileType = wrapper.xcdatamodel; path = WatchItVIPER.xcdatamodel; sourceTree = "<group>"; };
		353F18622098715C003C9380 /* Assets.xcassets */ = {isa = PBXFileReference; lastKnownFileType = folder.assetcatalog; path = Assets.xcassets; sourceTree = "<group>"; };
		353F18652098715C003C9380 /* Base */ = {isa = PBXFileReference; lastKnownFileType = file.storyboard; name = Base; path = Base.lproj/LaunchScreen.storyboard; sourceTree = "<group>"; };
		353F18672098715C003C9380 /* Info.plist */ = {isa = PBXFileReference; lastKnownFileType = text.plist.xml; path = Info.plist; sourceTree = "<group>"; };
		354295DF209F70B9006A71D4 /* WireFrame */ = {isa = PBXFileReference; lastKnownFileType = folder; path = WireFrame; sourceTree = "<group>"; };
		359AFDEA2098B67500D0A05E /* RealmService.swift */ = {isa = PBXFileReference; lastKnownFileType = sourcecode.swift; path = RealmService.swift; sourceTree = "<group>"; };
		359AFDEC2098B68900D0A05E /* Movie.swift */ = {isa = PBXFileReference; lastKnownFileType = sourcecode.swift; path = Movie.swift; sourceTree = "<group>"; };
		359AFDEE2098C72100D0A05E /* ReopsitoryProtocol.swift */ = {isa = PBXFileReference; lastKnownFileType = sourcecode.swift; path = ReopsitoryProtocol.swift; sourceTree = "<group>"; };
		359AFDF02098C7A300D0A05E /* RepositoryImp.swift */ = {isa = PBXFileReference; lastKnownFileType = sourcecode.swift; path = RepositoryImp.swift; sourceTree = "<group>"; };
		359AFDF62098C9FF00D0A05E /* DataManager */ = {isa = PBXFileReference; lastKnownFileType = folder; path = DataManager; sourceTree = "<group>"; };
		359AFDF92098CB3500D0A05E /* MovieListProtocols.swift */ = {isa = PBXFileReference; lastKnownFileType = sourcecode.swift; path = MovieListProtocols.swift; sourceTree = "<group>"; };
		35C3B05C209F7165001E1704 /* Presenter */ = {isa = PBXFileReference; lastKnownFileType = folder; path = Presenter; sourceTree = "<group>"; };
		35C3B05E209F7170001E1704 /* Interactor */ = {isa = PBXFileReference; lastKnownFileType = folder; path = Interactor; sourceTree = "<group>"; };
		35C3B060209F7178001E1704 /* View */ = {isa = PBXFileReference; lastKnownFileType = folder; path = View; sourceTree = "<group>"; };
		35C3B06220A1ED02001E1704 /* Entities */ = {isa = PBXFileReference; lastKnownFileType = folder; path = Entities; sourceTree = "<group>"; };
		35C3B06420A1ED02001E1704 /* Presenter */ = {isa = PBXFileReference; lastKnownFileType = folder; path = Presenter; sourceTree = "<group>"; };
		35C3B06620A1ED02001E1704 /* Protocols */ = {isa = PBXFileReference; lastKnownFileType = folder; path = Protocols; sourceTree = "<group>"; };
		35C3B06820A1ED02001E1704 /* View */ = {isa = PBXFileReference; lastKnownFileType = folder; path = View; sourceTree = "<group>"; };
		35C3B06A20A1ED02001E1704 /* WireFrame */ = {isa = PBXFileReference; lastKnownFileType = folder; path = WireFrame; sourceTree = "<group>"; };
		6B000E4523A1DBB23B01A44F /* Pods-WatchItVIPER.release.xcconfig */ = {isa = PBXFileReference; includeInIndex = 1; lastKnownFileType = text.xcconfig; name = "Pods-WatchItVIPER.release.xcconfig"; path = "Pods/Target Support Files/Pods-WatchItVIPER/Pods-WatchItVIPER.release.xcconfig"; sourceTree = "<group>"; };
		9812D63ECC71B47E9260CA36 /* Pods_WatchItVIPER.framework */ = {isa = PBXFileReference; explicitFileType = wrapper.framework; includeInIndex = 0; path = Pods_WatchItVIPER.framework; sourceTree = BUILT_PRODUCTS_DIR; };
/* End PBXFileReference section */

/* Begin PBXFrameworksBuildPhase section */
		353F18522098715C003C9380 /* Frameworks */ = {
			isa = PBXFrameworksBuildPhase;
			buildActionMask = 2147483647;
			files = (
				E1D7BD091568BDE4E126D490 /* Pods_WatchItVIPER.framework in Frameworks */,
			);
			runOnlyForDeploymentPostprocessing = 0;
		};
/* End PBXFrameworksBuildPhase section */

/* Begin PBXGroup section */
		353F184C2098715C003C9380 = {
			isa = PBXGroup;
			children = (
				353F18572098715C003C9380 /* WatchItVIPER */,
				353F18562098715C003C9380 /* Products */,
				982C4CCF7841827577CE4E90 /* Pods */,
				D905488A32C6FC7A6A4A5456 /* Frameworks */,
			);
			sourceTree = "<group>";
		};
		353F18562098715C003C9380 /* Products */ = {
			isa = PBXGroup;
			children = (
				353F18552098715C003C9380 /* WatchItVIPER.app */,
			);
			name = Products;
			sourceTree = "<group>";
		};
		353F18572098715C003C9380 /* WatchItVIPER */ = {
			isa = PBXGroup;
			children = (
				359AFDF52098C9BC00D0A05E /* MovieFavourits */,
				359AFDF42098C9B000D0A05E /* MovieDetails */,
				359AFDF32098C9A100D0A05E /* MovieList */,
				359AFDF22098C98600D0A05E /* utility */,
				353F1870209871CB003C9380 /* Entity */,
				353F18582098715C003C9380 /* AppDelegate.swift */,
				353F185C2098715C003C9380 /* Main.storyboard */,
				353F18622098715C003C9380 /* Assets.xcassets */,
				353F18642098715C003C9380 /* LaunchScreen.storyboard */,
				353F18672098715C003C9380 /* Info.plist */,
				353F185F2098715C003C9380 /* WatchItVIPER.xcdatamodeld */,
			);
			path = WatchItVIPER;
			sourceTree = "<group>";
		};
		353F1870209871CB003C9380 /* Entity */ = {
			isa = PBXGroup;
			children = (
				35C3B06220A1ED02001E1704 /* Entities */,
				359AFDEA2098B67500D0A05E /* RealmService.swift */,
				359AFDEC2098B68900D0A05E /* Movie.swift */,
				359AFDEE2098C72100D0A05E /* ReopsitoryProtocol.swift */,
				359AFDF02098C7A300D0A05E /* RepositoryImp.swift */,
			);
			path = Entity;
			sourceTree = "<group>";
		};
		359AFDF22098C98600D0A05E /* utility */ = {
			isa = PBXGroup;
			children = (
			);
			path = utility;
			sourceTree = "<group>";
		};
		359AFDF32098C9A100D0A05E /* MovieList */ = {
			isa = PBXGroup;
			children = (
				35C3B060209F7178001E1704 /* View */,
				35C3B05E209F7170001E1704 /* Interactor */,
				35C3B05C209F7165001E1704 /* Presenter */,
				354295DF209F70B9006A71D4 /* WireFrame */,
				359AFDF82098CABB00D0A05E /* protocols */,
				359AFDF62098C9FF00D0A05E /* DataManager */,
			);
			path = MovieList;
			sourceTree = "<group>";
		};
		359AFDF42098C9B000D0A05E /* MovieDetails */ = {
			isa = PBXGroup;
			children = (
				35C3B06A20A1ED02001E1704 /* WireFrame */,
				35C3B06820A1ED02001E1704 /* View */,
				35C3B06620A1ED02001E1704 /* Protocols */,
				35C3B06420A1ED02001E1704 /* Presenter */,
			);
			path = MovieDetails;
			sourceTree = "<group>";
		};
		359AFDF52098C9BC00D0A05E /* MovieFavourits */ = {
			isa = PBXGroup;
			children = (
			);
			path = MovieFavourits;
			sourceTree = "<group>";
		};
		359AFDF82098CABB00D0A05E /* protocols */ = {
			isa = PBXGroup;
			children = (
				359AFDF92098CB3500D0A05E /* MovieListProtocols.swift */,
			);
			path = protocols;
			sourceTree = "<group>";
		};
		982C4CCF7841827577CE4E90 /* Pods */ = {
			isa = PBXGroup;
			children = (
				144E5814F2CDDE812AD25F7A /* Pods-WatchItVIPER.debug.xcconfig */,
				6B000E4523A1DBB23B01A44F /* Pods-WatchItVIPER.release.xcconfig */,
			);
			name = Pods;
			sourceTree = "<group>";
		};
		D905488A32C6FC7A6A4A5456 /* Frameworks */ = {
			isa = PBXGroup;
			children = (
				9812D63ECC71B47E9260CA36 /* Pods_WatchItVIPER.framework */,
			);
			name = Frameworks;
			sourceTree = "<group>";
		};
/* End PBXGroup section */

/* Begin PBXNativeTarget section */
		353F18542098715C003C9380 /* WatchItVIPER */ = {
			isa = PBXNativeTarget;
			buildConfigurationList = 353F186A2098715C003C9380 /* Build configuration list for PBXNativeTarget "WatchItVIPER" */;
			buildPhases = (
				6D27CAF96D7B5A8819B43117 /* [CP] Check Pods Manifest.lock */,
				353F18512098715C003C9380 /* Sources */,
				353F18522098715C003C9380 /* Frameworks */,
				353F18532098715C003C9380 /* Resources */,
				678ED8143FDD76767204D2AA /* [CP] Embed Pods Frameworks */,
			);
			buildRules = (
			);
			dependencies = (
			);
			name = WatchItVIPER;
			productName = WatchItVIPER;
			productReference = 353F18552098715C003C9380 /* WatchItVIPER.app */;
			productType = "com.apple.product-type.application";
		};
/* End PBXNativeTarget section */

/* Begin PBXProject section */
		353F184D2098715C003C9380 /* Project object */ = {
			isa = PBXProject;
			attributes = {
				LastSwiftUpdateCheck = 0910;
				LastUpgradeCheck = 0910;
				ORGANIZATIONNAME = Sulta;
				TargetAttributes = {
					353F18542098715C003C9380 = {
						CreatedOnToolsVersion = 9.1;
						ProvisioningStyle = Automatic;
					};
				};
			};
			buildConfigurationList = 353F18502098715C003C9380 /* Build configuration list for PBXProject "WatchItVIPER" */;
			compatibilityVersion = "Xcode 8.0";
			developmentRegion = en;
			hasScannedForEncodings = 0;
			knownRegions = (
				en,
				Base,
			);
			mainGroup = 353F184C2098715C003C9380;
			productRefGroup = 353F18562098715C003C9380 /* Products */;
			projectDirPath = "";
			projectRoot = "";
			targets = (
				353F18542098715C003C9380 /* WatchItVIPER */,
			);
		};
/* End PBXProject section */

/* Begin PBXResourcesBuildPhase section */
		353F18532098715C003C9380 /* Resources */ = {
			isa = PBXResourcesBuildPhase;
			buildActionMask = 2147483647;
			files = (
				359AFDF72098C9FF00D0A05E /* DataManager in Resources */,
				353F18662098715C003C9380 /* LaunchScreen.storyboard in Resources */,
				353F18632098715C003C9380 /* Assets.xcassets in Resources */,
				35C3B05D209F7165001E1704 /* Presenter in Resources */,
				353F185E2098715C003C9380 /* Main.storyboard in Resources */,
				35C3B06320A1ED02001E1704 /* Entities in Resources */,
				35C3B05F209F7171001E1704 /* Interactor in Resources */,
				35C3B06B20A1ED02001E1704 /* WireFrame in Resources */,
				35C3B06520A1ED02001E1704 /* Presenter in Resources */,
				35C3B06720A1ED02001E1704 /* Protocols in Resources */,
				354295E0209F70B9006A71D4 /* WireFrame in Resources */,
				35C3B061209F7178001E1704 /* View in Resources */,
				35C3B06920A1ED02001E1704 /* View in Resources */,
			);
			runOnlyForDeploymentPostprocessing = 0;
		};
/* End PBXResourcesBuildPhase section */

/* Begin PBXShellScriptBuildPhase section */
		678ED8143FDD76767204D2AA /* [CP] Embed Pods Frameworks */ = {
			isa = PBXShellScriptBuildPhase;
			buildActionMask = 2147483647;
			files = (
			);
			inputPaths = (
				"${SRCROOT}/Pods/Target Support Files/Pods-WatchItVIPER/Pods-WatchItVIPER-frameworks.sh",
				"${BUILT_PRODUCTS_DIR}/Alamofire/Alamofire.framework",
				"${BUILT_PRODUCTS_DIR}/Realm/Realm.framework",
				"${BUILT_PRODUCTS_DIR}/RealmSwift/RealmSwift.framework",
				"${BUILT_PRODUCTS_DIR}/SDWebImage/SDWebImage.framework",
				"${BUILT_PRODUCTS_DIR}/SwiftyJSON/SwiftyJSON.framework",
				"${BUILT_PRODUCTS_DIR}/lottie-ios/Lottie.framework",
			);
			name = "[CP] Embed Pods Frameworks";
			outputPaths = (
				"${TARGET_BUILD_DIR}/${FRAMEWORKS_FOLDER_PATH}/Alamofire.framework",
				"${TARGET_BUILD_DIR}/${FRAMEWORKS_FOLDER_PATH}/Realm.framework",
				"${TARGET_BUILD_DIR}/${FRAMEWORKS_FOLDER_PATH}/RealmSwift.framework",
				"${TARGET_BUILD_DIR}/${FRAMEWORKS_FOLDER_PATH}/SDWebImage.framework",
				"${TARGET_BUILD_DIR}/${FRAMEWORKS_FOLDER_PATH}/SwiftyJSON.framework",
				"${TARGET_BUILD_DIR}/${FRAMEWORKS_FOLDER_PATH}/Lottie.framework",
			);
			runOnlyForDeploymentPostprocessing = 0;
			shellPath = /bin/sh;
			shellScript = "\"${SRCROOT}/Pods/Target Support Files/Pods-WatchItVIPER/Pods-WatchItVIPER-frameworks.sh\"\n";
			showEnvVarsInLog = 0;
		};
		6D27CAF96D7B5A8819B43117 /* [CP] Check Pods Manifest.lock */ = {
			isa = PBXShellScriptBuildPhase;
			buildActionMask = 2147483647;
			files = (
			);
			inputPaths = (
				"${PODS_PODFILE_DIR_PATH}/Podfile.lock",
				"${PODS_ROOT}/Manifest.lock",
			);
			name = "[CP] Check Pods Manifest.lock";
			outputPaths = (
				"$(DERIVED_FILE_DIR)/Pods-WatchItVIPER-checkManifestLockResult.txt",
			);
			runOnlyForDeploymentPostprocessing = 0;
			shellPath = /bin/sh;
			shellScript = "diff \"${PODS_PODFILE_DIR_PATH}/Podfile.lock\" \"${PODS_ROOT}/Manifest.lock\" > /dev/null\nif [ $? != 0 ] ; then\n    # print error to STDERR\n    echo \"error: The sandbox is not in sync with the Podfile.lock. Run 'pod install' or update your CocoaPods installation.\" >&2\n    exit 1\nfi\n# This output is used by Xcode 'outputs' to avoid re-running this script phase.\necho \"SUCCESS\" > \"${SCRIPT_OUTPUT_FILE_0}\"\n";
			showEnvVarsInLog = 0;
		};
/* End PBXShellScriptBuildPhase section */

/* Begin PBXSourcesBuildPhase section */
		353F18512098715C003C9380 /* Sources */ = {
			isa = PBXSourcesBuildPhase;
			buildActionMask = 2147483647;
			files = (
				359AFDFA2098CB3500D0A05E /* MovieListProtocols.swift in Sources */,
				353F18612098715C003C9380 /* WatchItVIPER.xcdatamodeld in Sources */,
				359AFDEB2098B67500D0A05E /* RealmService.swift in Sources */,
				359AFDF12098C7A300D0A05E /* RepositoryImp.swift in Sources */,
				359AFDED2098B68900D0A05E /* Movie.swift in Sources */,
				359AFDEF2098C72100D0A05E /* ReopsitoryProtocol.swift in Sources */,
				353F18592098715C003C9380 /* AppDelegate.swift in Sources */,
			);
			runOnlyForDeploymentPostprocessing = 0;
		};
/* End PBXSourcesBuildPhase section */

/* Begin PBXVariantGroup section */
		353F185C2098715C003C9380 /* Main.storyboard */ = {
			isa = PBXVariantGroup;
			children = (
				353F185D2098715C003C9380 /* Base */,
			);
			name = Main.storyboard;
			sourceTree = "<group>";
		};
		353F18642098715C003C9380 /* LaunchScreen.storyboard */ = {
			isa = PBXVariantGroup;
			children = (
				353F18652098715C003C9380 /* Base */,
			);
			name = LaunchScreen.storyboard;
			sourceTree = "<group>";
		};
/* End PBXVariantGroup section */

/* Begin XCBuildConfiguration section */
		353F18682098715C003C9380 /* Debug */ = {
			isa = XCBuildConfiguration;
			buildSettings = {
				ALWAYS_SEARCH_USER_PATHS = NO;
				CLANG_ANALYZER_NONNULL = YES;
				CLANG_ANALYZER_NUMBER_OBJECT_CONVERSION = YES_AGGRESSIVE;
				CLANG_CXX_LANGUAGE_STANDARD = "gnu++14";
				CLANG_CXX_LIBRARY = "libc++";
				CLANG_ENABLE_MODULES = YES;
				CLANG_ENABLE_OBJC_ARC = YES;
				CLANG_WARN_BLOCK_CAPTURE_AUTORELEASING = YES;
				CLANG_WARN_BOOL_CONVERSION = YES;
				CLANG_WARN_COMMA = YES;
				CLANG_WARN_CONSTANT_CONVERSION = YES;
				CLANG_WARN_DIRECT_OBJC_ISA_USAGE = YES_ERROR;
				CLANG_WARN_DOCUMENTATION_COMMENTS = YES;
				CLANG_WARN_EMPTY_BODY = YES;
				CLANG_WARN_ENUM_CONVERSION = YES;
				CLANG_WARN_INFINITE_RECURSION = YES;
				CLANG_WARN_INT_CONVERSION = YES;
				CLANG_WARN_NON_LITERAL_NULL_CONVERSION = YES;
				CLANG_WARN_OBJC_LITERAL_CONVERSION = YES;
				CLANG_WARN_OBJC_ROOT_CLASS = YES_ERROR;
				CLANG_WARN_RANGE_LOOP_ANALYSIS = YES;
				CLANG_WARN_STRICT_PROTOTYPES = YES;
				CLANG_WARN_SUSPICIOUS_MOVE = YES;
				CLANG_WARN_UNGUARDED_AVAILABILITY = YES_AGGRESSIVE;
				CLANG_WARN_UNREACHABLE_CODE = YES;
				CLANG_WARN__DUPLICATE_METHOD_MATCH = YES;
				CODE_SIGN_IDENTITY = "iPhone Developer";
				COPY_PHASE_STRIP = NO;
				DEBUG_INFORMATION_FORMAT = dwarf;
				ENABLE_STRICT_OBJC_MSGSEND = YES;
				ENABLE_TESTABILITY = YES;
				GCC_C_LANGUAGE_STANDARD = gnu11;
				GCC_DYNAMIC_NO_PIC = NO;
				GCC_NO_COMMON_BLOCKS = YES;
				GCC_OPTIMIZATION_LEVEL = 0;
				GCC_PREPROCESSOR_DEFINITIONS = (
					"DEBUG=1",
					"$(inherited)",
				);
				GCC_WARN_64_TO_32_BIT_CONVERSION = YES;
				GCC_WARN_ABOUT_RETURN_TYPE = YES_ERROR;
				GCC_WARN_UNDECLARED_SELECTOR = YES;
				GCC_WARN_UNINITIALIZED_AUTOS = YES_AGGRESSIVE;
				GCC_WARN_UNUSED_FUNCTION = YES;
				GCC_WARN_UNUSED_VARIABLE = YES;
				IPHONEOS_DEPLOYMENT_TARGET = 11.1;
				MTL_ENABLE_DEBUG_INFO = YES;
				ONLY_ACTIVE_ARCH = YES;
				SDKROOT = iphoneos;
				SWIFT_ACTIVE_COMPILATION_CONDITIONS = DEBUG;
				SWIFT_OPTIMIZATION_LEVEL = "-Onone";
			};
			name = Debug;
		};
		353F18692098715C003C9380 /* Release */ = {
			isa = XCBuildConfiguration;
			buildSettings = {
				ALWAYS_SEARCH_USER_PATHS = NO;
				CLANG_ANALYZER_NONNULL = YES;
				CLANG_ANALYZER_NUMBER_OBJECT_CONVERSION = YES_AGGRESSIVE;
				CLANG_CXX_LANGUAGE_STANDARD = "gnu++14";
				CLANG_CXX_LIBRARY = "libc++";
				CLANG_ENABLE_MODULES = YES;
				CLANG_ENABLE_OBJC_ARC = YES;
				CLANG_WARN_BLOCK_CAPTURE_AUTORELEASING = YES;
				CLANG_WARN_BOOL_CONVERSION = YES;
				CLANG_WARN_COMMA = YES;
				CLANG_WARN_CONSTANT_CONVERSION = YES;
				CLANG_WARN_DIRECT_OBJC_ISA_USAGE = YES_ERROR;
				CLANG_WARN_DOCUMENTATION_COMMENTS = YES;
				CLANG_WARN_EMPTY_BODY = YES;
				CLANG_WARN_ENUM_CONVERSION = YES;
				CLANG_WARN_INFINITE_RECURSION = YES;
				CLANG_WARN_INT_CONVERSION = YES;
				CLANG_WARN_NON_LITERAL_NULL_CONVERSION = YES;
				CLANG_WARN_OBJC_LITERAL_CONVERSION = YES;
				CLANG_WARN_OBJC_ROOT_CLASS = YES_ERROR;
				CLANG_WARN_RANGE_LOOP_ANALYSIS = YES;
				CLANG_WARN_STRICT_PROTOTYPES = YES;
				CLANG_WARN_SUSPICIOUS_MOVE = YES;
				CLANG_WARN_UNGUARDED_AVAILABILITY = YES_AGGRESSIVE;
				CLANG_WARN_UNREACHABLE_CODE = YES;
				CLANG_WARN__DUPLICATE_METHOD_MATCH = YES;
				CODE_SIGN_IDENTITY = "iPhone Developer";
				COPY_PHASE_STRIP = NO;
				DEBUG_INFORMATION_FORMAT = "dwarf-with-dsym";
				ENABLE_NS_ASSERTIONS = NO;
				ENABLE_STRICT_OBJC_MSGSEND = YES;
				GCC_C_LANGUAGE_STANDARD = gnu11;
				GCC_NO_COMMON_BLOCKS = YES;
				GCC_WARN_64_TO_32_BIT_CONVERSION = YES;
				GCC_WARN_ABOUT_RETURN_TYPE = YES_ERROR;
				GCC_WARN_UNDECLARED_SELECTOR = YES;
				GCC_WARN_UNINITIALIZED_AUTOS = YES_AGGRESSIVE;
				GCC_WARN_UNUSED_FUNCTION = YES;
				GCC_WARN_UNUSED_VARIABLE = YES;
				IPHONEOS_DEPLOYMENT_TARGET = 11.1;
				MTL_ENABLE_DEBUG_INFO = NO;
				SDKROOT = iphoneos;
				SWIFT_OPTIMIZATION_LEVEL = "-Owholemodule";
				VALIDATE_PRODUCT = YES;
			};
			name = Release;
		};
		353F186B2098715C003C9380 /* Debug */ = {
			isa = XCBuildConfiguration;
			baseConfigurationReference = 144E5814F2CDDE812AD25F7A /* Pods-WatchItVIPER.debug.xcconfig */;
			buildSettings = {
				ASSETCATALOG_COMPILER_APPICON_NAME = AppIcon;
				CODE_SIGN_STYLE = Automatic;
				INFOPLIST_FILE = WatchItVIPER/Info.plist;
				LD_RUNPATH_SEARCH_PATHS = "$(inherited) @executable_path/Frameworks";
				PRODUCT_BUNDLE_IDENTIFIER = iti.WatchItVIPER;
				PRODUCT_NAME = "$(TARGET_NAME)";
				SWIFT_VERSION = 4.0;
				TARGETED_DEVICE_FAMILY = "1,2";
			};
			name = Debug;
		};
		353F186C2098715C003C9380 /* Release */ = {
			isa = XCBuildConfiguration;
			baseConfigurationReference = 6B000E4523A1DBB23B01A44F /* Pods-WatchItVIPER.release.xcconfig */;
			buildSettings = {
				ASSETCATALOG_COMPILER_APPICON_NAME = AppIcon;
				CODE_SIGN_STYLE = Automatic;
				INFOPLIST_FILE = WatchItVIPER/Info.plist;
				LD_RUNPATH_SEARCH_PATHS = "$(inherited) @executable_path/Frameworks";
				PRODUCT_BUNDLE_IDENTIFIER = iti.WatchItVIPER;
				PRODUCT_NAME = "$(TARGET_NAME)";
				SWIFT_VERSION = 4.0;
				TARGETED_DEVICE_FAMILY = "1,2";
			};
			name = Release;
		};
/* End XCBuildConfiguration section */

/* Begin XCConfigurationList section */
		353F18502098715C003C9380 /* Build configuration list for PBXProject "WatchItVIPER" */ = {
			isa = XCConfigurationList;
			buildConfigurations = (
				353F18682098715C003C9380 /* Debug */,
				353F18692098715C003C9380 /* Release */,
			);
			defaultConfigurationIsVisible = 0;
			defaultConfigurationName = Release;
		};
		353F186A2098715C003C9380 /* Build configuration list for PBXNativeTarget "WatchItVIPER" */ = {
			isa = XCConfigurationList;
			buildConfigurations = (
				353F186B2098715C003C9380 /* Debug */,
				353F186C2098715C003C9380 /* Release */,
			);
			defaultConfigurationIsVisible = 0;
			defaultConfigurationName = Release;
		};
/* End XCConfigurationList section */

/* Begin XCVersionGroup section */
		353F185F2098715C003C9380 /* WatchItVIPER.xcdatamodeld */ = {
			isa = XCVersionGroup;
			children = (
				353F18602098715C003C9380 /* WatchItVIPER.xcdatamodel */,
			);
			currentVersion = 353F18602098715C003C9380 /* WatchItVIPER.xcdatamodel */;
			path = WatchItVIPER.xcdatamodeld;
			sourceTree = "<group>";
			versionGroupType = wrapper.xcdatamodel;
		};
/* End XCVersionGroup section */
	};
	rootObject = 353F184D2098715C003C9380 /* Project object */;
}
