// !$*UTF8*$!
{
	archiveVersion = 1;
	classes = {
	};
	objectVersion = 48;
	objects = {

/* Begin PBXBuildFile section */
		353F18592098715C003C9380 /* AppDelegate.swift in Sources */ = {isa = PBXBuildFile; fileRef = 353F18582098715C003C9380 /* AppDelegate.swift */; };
		353F185B2098715C003C9380 /* ViewController.swift in Sources */ = {isa = PBXBuildFile; fileRef = 353F185A2098715C003C9380 /* ViewController.swift */; };
		353F185E2098715C003C9380 /* Main.storyboard in Resources */ = {isa = PBXBuildFile; fileRef = 353F185C2098715C003C9380 /* Main.storyboard */; };
		353F18612098715C003C9380 /* WatchItVIPER.xcdatamodeld in Sources */ = {isa = PBXBuildFile; fileRef = 353F185F2098715C003C9380 /* WatchItVIPER.xcdatamodeld */; };
		353F18632098715C003C9380 /* Assets.xcassets in Resources */ = {isa = PBXBuildFile; fileRef = 353F18622098715C003C9380 /* Assets.xcassets */; };
		353F18662098715C003C9380 /* LaunchScreen.storyboard in Resources */ = {isa = PBXBuildFile; fileRef = 353F18642098715C003C9380 /* LaunchScreen.storyboard */; };
/* End PBXBuildFile section */

/* Begin PBXFileReference section */
		353F18552098715C003C9380 /* WatchItVIPER.app */ = {isa = PBXFileReference; explicitFileType = wrapper.application; includeInIndex = 0; path = WatchItVIPER.app; sourceTree = BUILT_PRODUCTS_DIR; };
		353F18582098715C003C9380 /* AppDelegate.swift */ = {isa = PBXFileReference; lastKnownFileType = sourcecode.swift; path = AppDelegate.swift; sourceTree = "<group>"; };
		353F185A2098715C003C9380 /* ViewController.swift */ = {isa = PBXFileReference; lastKnownFileType = sourcecode.swift; path = ViewController.swift; sourceTree = "<group>"; };
		353F185D2098715C003C9380 /* Base */ = {isa = PBXFileReference; lastKnownFileType = file.storyboard; name = Base; path = Base.lproj/Main.storyboard; sourceTree = "<group>"; };
		353F18602098715C003C9380 /* WatchItVIPER.xcdatamodel */ = {isa = PBXFileReference; lastKnownFileType = wrapper.xcdatamodel; path = WatchItVIPER.xcdatamodel; sourceTree = "<group>"; };
		353F18622098715C003C9380 /* Assets.xcassets */ = {isa = PBXFileReference; lastKnownFileType = folder.assetcatalog; path = Assets.xcassets; sourceTree = "<group>"; };
		353F18652098715C003C9380 /* Base */ = {isa = PBXFileReference; lastKnownFileType = file.storyboard; name = Base; path = Base.lproj/LaunchScreen.storyboard; sourceTree = "<group>"; };
		353F18672098715C003C9380 /* Info.plist */ = {isa = PBXFileReference; lastKnownFileType = text.plist.xml; path = Info.plist; sourceTree = "<group>"; };
/* End PBXFileReference section */

/* Begin PBXFrameworksBuildPhase section */
		353F18522098715C003C9380 /* Frameworks */ = {
			isa = PBXFrameworksBuildPhase;
			buildActionMask = 2147483647;
			files = (
			);
			runOnlyForDeploymentPostprocessing = 0;
		};
/* End PBXFrameworksBuildPhase section */

/* Begin PBXGroup section */
		353F184C2098715C003C9380 = {
			isa = PBXGroup;
			children = (
				353F18572098715C003C9380 /* WatchItVIPER */,
				353F18562098715C003C9380 /* Products */,
			);
			sourceTree = "<group>";
		};
		353F18562098715C003C9380 /* Products */ = {
			isa = PBXGroup;
			children = (
				353F18552098715C003C9380 /* WatchItVIPER.app */,
			);
			name = Products;
			sourceTree = "<group>";
		};
		353F18572098715C003C9380 /* WatchItVIPER */ = {
			isa = PBXGroup;
			children = (
				353F18582098715C003C9380 /* AppDelegate.swift */,
				353F185A2098715C003C9380 /* ViewController.swift */,
				353F185C2098715C003C9380 /* Main.storyboard */,
				353F18622098715C003C9380 /* Assets.xcassets */,
				353F18642098715C003C9380 /* LaunchScreen.storyboard */,
				353F18672098715C003C9380 /* Info.plist */,
				353F185F2098715C003C9380 /* WatchItVIPER.xcdatamodeld */,
			);
			path = WatchItVIPER;
			sourceTree = "<group>";
		};
/* End PBXGroup section */

/* Begin PBXNativeTarget section */
		353F18542098715C003C9380 /* WatchItVIPER */ = {
			isa = PBXNativeTarget;
			buildConfigurationList = 353F186A2098715C003C9380 /* Build configuration list for PBXNativeTarget "WatchItVIPER" */;
			buildPhases = (
				353F18512098715C003C9380 /* Sources */,
				353F18522098715C003C9380 /* Frameworks */,
				353F18532098715C003C9380 /* Resources */,
			);
			buildRules = (
			);
			dependencies = (
			);
			name = WatchItVIPER;
			productName = WatchItVIPER;
			productReference = 353F18552098715C003C9380 /* WatchItVIPER.app */;
			productType = "com.apple.product-type.application";
		};
/* End PBXNativeTarget section */

/* Begin PBXProject section */
		353F184D2098715C003C9380 /* Project object */ = {
			isa = PBXProject;
			attributes = {
				LastSwiftUpdateCheck = 0910;
				LastUpgradeCheck = 0910;
				ORGANIZATIONNAME = Sulta;
				TargetAttributes = {
					353F18542098715C003C9380 = {
						CreatedOnToolsVersion = 9.1;
						ProvisioningStyle = Automatic;
					};
				};
			};
			buildConfigurationList = 353F18502098715C003C9380 /* Build configuration list for PBXProject "WatchItVIPER" */;
			compatibilityVersion = "Xcode 8.0";
			developmentRegion = en;
			hasScannedForEncodings = 0;
			knownRegions = (
				en,
				Base,
			);
			mainGroup = 353F184C2098715C003C9380;
			productRefGroup = 353F18562098715C003C9380 /* Products */;
			projectDirPath = "";
			projectRoot = "";
			targets = (
				353F18542098715C003C9380 /* WatchItVIPER */,
			);
		};
/* End PBXProject section */

/* Begin PBXResourcesBuildPhase section */
		353F18532098715C003C9380 /* Resources */ = {
			isa = PBXResourcesBuildPhase;
			buildActionMask = 2147483647;
			files = (
				353F18662098715C003C9380 /* LaunchScreen.storyboard in Resources */,
				353F18632098715C003C9380 /* Assets.xcassets in Resources */,
				353F185E2098715C003C9380 /* Main.storyboard in Resources */,
			);
			runOnlyForDeploymentPostprocessing = 0;
		};
/* End PBXResourcesBuildPhase section */

/* Begin PBXSourcesBuildPhase section */
		353F18512098715C003C9380 /* Sources */ = {
			isa = PBXSourcesBuildPhase;
			buildActionMask = 2147483647;
			files = (
				353F18612098715C003C9380 /* WatchItVIPER.xcdatamodeld in Sources */,
				353F185B2098715C003C9380 /* ViewController.swift in Sources */,
				353F18592098715C003C9380 /* AppDelegate.swift in Sources */,
			);
			runOnlyForDeploymentPostprocessing = 0;
		};
/* End PBXSourcesBuildPhase section */

/* Begin PBXVariantGroup section */
		353F185C2098715C003C9380 /* Main.storyboard */ = {
			isa = PBXVariantGroup;
			children = (
				353F185D2098715C003C9380 /* Base */,
			);
			name = Main.storyboard;
			sourceTree = "<group>";
		};
		353F18642098715C003C9380 /* LaunchScreen.storyboard */ = {
			isa = PBXVariantGroup;
			children = (
				353F18652098715C003C9380 /* Base */,
			);
			name = LaunchScreen.storyboard;
			sourceTree = "<group>";
		};
/* End PBXVariantGroup section */

/* Begin XCBuildConfiguration section */
		353F18682098715C003C9380 /* Debug */ = {
			isa = XCBuildConfiguration;
			buildSettings = {
				ALWAYS_SEARCH_USER_PATHS = NO;
				CLANG_ANALYZER_NONNULL = YES;
				CLANG_ANALYZER_NUMBER_OBJECT_CONVERSION = YES_AGGRESSIVE;
				CLANG_CXX_LANGUAGE_STANDARD = "gnu++14";
				CLANG_CXX_LIBRARY = "libc++";
				CLANG_ENABLE_MODULES = YES;
				CLANG_ENABLE_OBJC_ARC = YES;
				CLANG_WARN_BLOCK_CAPTURE_AUTORELEASING = YES;
				CLANG_WARN_BOOL_CONVERSION = YES;
				CLANG_WARN_COMMA = YES;
				CLANG_WARN_CONSTANT_CONVERSION = YES;
				CLANG_WARN_DIRECT_OBJC_ISA_USAGE = YES_ERROR;
				CLANG_WARN_DOCUMENTATION_COMMENTS = YES;
				CLANG_WARN_EMPTY_BODY = YES;
				CLANG_WARN_ENUM_CONVERSION = YES;
				CLANG_WARN_INFINITE_RECURSION = YES;
				CLANG_WARN_INT_CONVERSION = YES;
				CLANG_WARN_NON_LITERAL_NULL_CONVERSION = YES;
				CLANG_WARN_OBJC_LITERAL_CONVERSION = YES;
				CLANG_WARN_OBJC_ROOT_CLASS = YES_ERROR;
				CLANG_WARN_RANGE_LOOP_ANALYSIS = YES;
				CLANG_WARN_STRICT_PROTOTYPES = YES;
				CLANG_WARN_SUSPICIOUS_MOVE = YES;
				CLANG_WARN_UNGUARDED_AVAILABILITY = YES_AGGRESSIVE;
				CLANG_WARN_UNREACHABLE_CODE = YES;
				CLANG_WARN__DUPLICATE_METHOD_MATCH = YES;
				CODE_SIGN_IDENTITY = "iPhone Developer";
				COPY_PHASE_STRIP = NO;
				DEBUG_INFORMATION_FORMAT = dwarf;
				ENABLE_STRICT_OBJC_MSGSEND = YES;
				ENABLE_TESTABILITY = YES;
				GCC_C_LANGUAGE_STANDARD = gnu11;
				GCC_DYNAMIC_NO_PIC = NO;
				GCC_NO_COMMON_BLOCKS = YES;
				GCC_OPTIMIZATION_LEVEL = 0;
				GCC_PREPROCESSOR_DEFINITIONS = (
					"DEBUG=1",
					"$(inherited)",
				);
				GCC_WARN_64_TO_32_BIT_CONVERSION = YES;
				GCC_WARN_ABOUT_RETURN_TYPE = YES_ERROR;
				GCC_WARN_UNDECLARED_SELECTOR = YES;
				GCC_WARN_UNINITIALIZED_AUTOS = YES_AGGRESSIVE;
				GCC_WARN_UNUSED_FUNCTION = YES;
				GCC_WARN_UNUSED_VARIABLE = YES;
				IPHONEOS_DEPLOYMENT_TARGET = 11.1;
				MTL_ENABLE_DEBUG_INFO = YES;
				ONLY_ACTIVE_ARCH = YES;
				SDKROOT = iphoneos;
				SWIFT_ACTIVE_COMPILATION_CONDITIONS = DEBUG;
				SWIFT_OPTIMIZATION_LEVEL = "-Onone";
			};
			name = Debug;
		};
		353F18692098715C003C9380 /* Release */ = {
			isa = XCBuildConfiguration;
			buildSettings = {
				ALWAYS_SEARCH_USER_PATHS = NO;
				CLANG_ANALYZER_NONNULL = YES;
				CLANG_ANALYZER_NUMBER_OBJECT_CONVERSION = YES_AGGRESSIVE;
				CLANG_CXX_LANGUAGE_STANDARD = "gnu++14";
				CLANG_CXX_LIBRARY = "libc++";
				CLANG_ENABLE_MODULES = YES;
				CLANG_ENABLE_OBJC_ARC = YES;
				CLANG_WARN_BLOCK_CAPTURE_AUTORELEASING = YES;
				CLANG_WARN_BOOL_CONVERSION = YES;
				CLANG_WARN_COMMA = YES;
				CLANG_WARN_CONSTANT_CONVERSION = YES;
				CLANG_WARN_DIRECT_OBJC_ISA_USAGE = YES_ERROR;
				CLANG_WARN_DOCUMENTATION_COMMENTS = YES;
				CLANG_WARN_EMPTY_BODY = YES;
				CLANG_WARN_ENUM_CONVERSION = YES;
				CLANG_WARN_INFINITE_RECURSION = YES;
				CLANG_WARN_INT_CONVERSION = YES;
				CLANG_WARN_NON_LITERAL_NULL_CONVERSION = YES;
				CLANG_WARN_OBJC_LITERAL_CONVERSION = YES;
				CLANG_WARN_OBJC_ROOT_CLASS = YES_ERROR;
				CLANG_WARN_RANGE_LOOP_ANALYSIS = YES;
				CLANG_WARN_STRICT_PROTOTYPES = YES;
				CLANG_WARN_SUSPICIOUS_MOVE = YES;
				CLANG_WARN_UNGUARDED_AVAILABILITY = YES_AGGRESSIVE;
				CLANG_WARN_UNREACHABLE_CODE = YES;
				CLANG_WARN__DUPLICATE_METHOD_MATCH = YES;
				CODE_SIGN_IDENTITY = "iPhone Developer";
				COPY_PHASE_STRIP = NO;
				DEBUG_INFORMATION_FORMAT = "dwarf-with-dsym";
				ENABLE_NS_ASSERTIONS = NO;
				ENABLE_STRICT_OBJC_MSGSEND = YES;
				GCC_C_LANGUAGE_STANDARD = gnu11;
				GCC_NO_COMMON_BLOCKS = YES;
				GCC_WARN_64_TO_32_BIT_CONVERSION = YES;
				GCC_WARN_ABOUT_RETURN_TYPE = YES_ERROR;
				GCC_WARN_UNDECLARED_SELECTOR = YES;
				GCC_WARN_UNINITIALIZED_AUTOS = YES_AGGRESSIVE;
				GCC_WARN_UNUSED_FUNCTION = YES;
				GCC_WARN_UNUSED_VARIABLE = YES;
				IPHONEOS_DEPLOYMENT_TARGET = 11.1;
				MTL_ENABLE_DEBUG_INFO = NO;
				SDKROOT = iphoneos;
				SWIFT_OPTIMIZATION_LEVEL = "-Owholemodule";
				VALIDATE_PRODUCT = YES;
			};
			name = Release;
		};
		353F186B2098715C003C9380 /* Debug */ = {
			isa = XCBuildConfiguration;
			buildSettings = {
				ASSETCATALOG_COMPILER_APPICON_NAME = AppIcon;
				CODE_SIGN_STYLE = Automatic;
				INFOPLIST_FILE = WatchItVIPER/Info.plist;
				LD_RUNPATH_SEARCH_PATHS = "$(inherited) @executable_path/Frameworks";
				PRODUCT_BUNDLE_IDENTIFIER = iti.WatchItVIPER;
				PRODUCT_NAME = "$(TARGET_NAME)";
				SWIFT_VERSION = 4.0;
				TARGETED_DEVICE_FAMILY = "1,2";
			};
			name = Debug;
		};
		353F186C2098715C003C9380 /* Release */ = {
			isa = XCBuildConfiguration;
			buildSettings = {
				ASSETCATALOG_COMPILER_APPICON_NAME = AppIcon;
				CODE_SIGN_STYLE = Automatic;
				INFOPLIST_FILE = WatchItVIPER/Info.plist;
				LD_RUNPATH_SEARCH_PATHS = "$(inherited) @executable_path/Frameworks";
				PRODUCT_BUNDLE_IDENTIFIER = iti.WatchItVIPER;
				PRODUCT_NAME = "$(TARGET_NAME)";
				SWIFT_VERSION = 4.0;
				TARGETED_DEVICE_FAMILY = "1,2";
			};
			name = Release;
		};
/* End XCBuildConfiguration section */

/* Begin XCConfigurationList section */
		353F18502098715C003C9380 /* Build configuration list for PBXProject "WatchItVIPER" */ = {
			isa = XCConfigurationList;
			buildConfigurations = (
				353F18682098715C003C9380 /* Debug */,
				353F18692098715C003C9380 /* Release */,
			);
			defaultConfigurationIsVisible = 0;
			defaultConfigurationName = Release;
		};
		353F186A2098715C003C9380 /* Build configuration list for PBXNativeTarget "WatchItVIPER" */ = {
			isa = XCConfigurationList;
			buildConfigurations = (
				353F186B2098715C003C9380 /* Debug */,
				353F186C2098715C003C9380 /* Release */,
			);
			defaultConfigurationIsVisible = 0;
			defaultConfigurationName = Release;
		};
/* End XCConfigurationList section */

/* Begin XCVersionGroup section */
		353F185F2098715C003C9380 /* WatchItVIPER.xcdatamodeld */ = {
			isa = XCVersionGroup;
			children = (
				353F18602098715C003C9380 /* WatchItVIPER.xcdatamodel */,
			);
			currentVersion = 353F18602098715C003C9380 /* WatchItVIPER.xcdatamodel */;
			path = WatchItVIPER.xcdatamodeld;
			sourceTree = "<group>";
			versionGroupType = wrapper.xcdatamodel;
		};
/* End XCVersionGroup section */
	};
	rootObject = 353F184D2098715C003C9380 /* Project object */;
}
